<?xml version="1.0" encoding="utf-8"?>
<Project ToolsVersion="4.0" xmlns="http://schemas.microsoft.com/developer/msbuild/2003">
  <ItemGroup>
    <ClCompile Include="01_Thread.cpp" />
    <ClCompile Include="02_Sum.cpp" />
    <ClCompile Include="03_RaceCondition.cpp" />
    <ClCompile Include="04_Deadlock.cpp" />
    <ClCompile Include="05_Provider_Comsumer.cpp" />
  </ItemGroup>
  <ItemGroup>
    <ClInclude Include="Timer.h" />
  </ItemGroup>
</Project>