<?xml version="1.0" encoding="utf-8"?>
<Project ToolsVersion="4.0" xmlns="http://schemas.microsoft.com/developer/msbuild/2003">
  <ItemGroup>
    <ClInclude Include="Fibonacci_DevideConquer.h" />
    <ClInclude Include="Timer.h" />
  </ItemGroup>
  <ItemGroup>
    <ClCompile Include="Fibonacci_DynamicPlanning.cpp" />
    <ClCompile Include="LCS.cpp" />
  </ItemGroup>
</Project>