<?xml version="1.0" encoding="utf-8"?>
<Project ToolsVersion="4.0" xmlns="http://schemas.microsoft.com/developer/msbuild/2003">
  <ItemGroup>
    <ClCompile Include="Main.cpp" />
    <ClCompile Include="stdafx.cpp" />
    <ClCompile Include="VertexLine2Demo.cpp">
      <Filter>Vertex</Filter>
    </ClCompile>
    <ClCompile Include="VertexLineColorDemo.cpp">
      <Filter>Vertex</Filter>
    </ClCompile>
    <ClCompile Include="VertexLineDemo.cpp">
      <Filter>Vertex</Filter>
    </ClCompile>
    <ClCompile Include="TriangleDemo.cpp">
      <Filter>Polygon</Filter>
    </ClCompile>
    <ClCompile Include="RectDemo.cpp">
      <Filter>Polygon</Filter>
    </ClCompile>
    <ClCompile Include="IndexBufferDemo.cpp">
      <Filter>Polygon</Filter>
    </ClCompile>
    <ClCompile Include="WorldDemo.cpp">
      <Filter>World</Filter>
    </ClCompile>
    <ClCompile Include="MultiWorldDemo.cpp">
      <Filter>World</Filter>
    </ClCompile>
    <ClCompile Include="GridDemo.cpp">
      <Filter>Polygon</Filter>
    </ClCompile>
    <ClCompile Include="CubeDemo.cpp">
      <Filter>Polygon</Filter>
    </ClCompile>
    <ClCompile Include="TextureDemo.cpp">
      <Filter>Texture</Filter>
    </ClCompile>
    <ClCompile Include="TextureSamplerDemo.cpp">
      <Filter>Texture</Filter>
    </ClCompile>
    <ClCompile Include="TerrainDemo.cpp">
      <Filter>Terrain</Filter>
    </ClCompile>
  </ItemGroup>
  <ItemGroup>
    <ClInclude Include="Main.h" />
    <ClInclude Include="stdafx.h" />
    <ClInclude Include="VertexLine2Demo.h">
      <Filter>Vertex</Filter>
    </ClInclude>
    <ClInclude Include="VertexLineColorDemo.h">
      <Filter>Vertex</Filter>
    </ClInclude>
    <ClInclude Include="VertexLineDemo.h">
      <Filter>Vertex</Filter>
    </ClInclude>
    <ClInclude Include="TriangleDemo.h">
      <Filter>Polygon</Filter>
    </ClInclude>
    <ClInclude Include="RectDemo.h">
      <Filter>Polygon</Filter>
    </ClInclude>
    <ClInclude Include="IndexBufferDemo.h">
      <Filter>Polygon</Filter>
    </ClInclude>
    <ClInclude Include="WorldDemo.h">
      <Filter>World</Filter>
    </ClInclude>
    <ClInclude Include="MultiWorldDemo.h">
      <Filter>World</Filter>
    </ClInclude>
    <ClInclude Include="GridDemo.h">
      <Filter>Polygon</Filter>
    </ClInclude>
    <ClInclude Include="CubeDemo.h">
      <Filter>Polygon</Filter>
    </ClInclude>
    <ClInclude Include="TextureDemo.h">
      <Filter>Texture</Filter>
    </ClInclude>
    <ClInclude Include="TextureSamplerDemo.h">
      <Filter>Texture</Filter>
    </ClInclude>
    <ClInclude Include="TerrainDemo.h">
      <Filter>Terrain</Filter>
    </ClInclude>
  </ItemGroup>
  <ItemGroup>
    <Filter Include="Vertex">
      <UniqueIdentifier>{585b92b3-754e-434a-af4f-78282b03869e}</UniqueIdentifier>
    </Filter>
    <Filter Include="Polygon">
      <UniqueIdentifier>{2490e4a4-26c4-41f3-8d28-292a8787de94}</UniqueIdentifier>
    </Filter>
    <Filter Include="World">
      <UniqueIdentifier>{039c5fb5-efa6-4601-b56e-9c13b935e27e}</UniqueIdentifier>
    </Filter>
    <Filter Include="Texture">
      <UniqueIdentifier>{2e47d1ff-120b-40df-be8f-15097cff1a10}</UniqueIdentifier>
    </Filter>
    <Filter Include="Terrain">
      <UniqueIdentifier>{00fb877a-806e-4d4c-8b9b-a5fc036b6dee}</UniqueIdentifier>
    </Filter>
  </ItemGroup>
</Project>